{
  "name": "spectrum-tk",
  "version": "1.0.0",
  "lockfileVersion": 3,
  "requires": true,
  "packages": {
    "": {
      "name": "spectrum-tk",
      "version": "1.0.0",
      "license": "BSD-3-Clause",
      "dependencies": {
        "@adobe/spectrum-tokens": "^13.15.1"
      }
    },
    "node_modules/@adobe/spectrum-tokens": {
      "version": "13.15.1",
      "resolved": "https://registry.npmjs.org/@adobe/spectrum-tokens/-/spectrum-tokens-13.15.1.tgz",
      "integrity": "sha512-h+legD0PjWTsVhs0BePX0t/c61vM4nfZ3JKwvPBAAIdfnNP9KkxyXthKK0w0z1bxgXBW7dZGUo0gJOfFVgw5Qw==",
      "license": "Apache-2.0"
    }
  }
}
