{
  "name": "spectrum-tk",
  "version": "1.0.0",
  "lockfileVersion": 3,
  "requires": true,
  "packages": {
    "": {
      "name": "spectrum-tk",
      "version": "1.0.0",
      "license": "BSD-3-Clause",
      "dependencies": {
        "@adobe/spectrum-tokens": "^14.5.0"
      }
    },
    "node_modules/@adobe/spectrum-tokens": {
      "version": "14.5.0",
      "resolved": "https://registry.npmjs.org/@adobe/spectrum-tokens/-/spectrum-tokens-14.5.0.tgz",
      "integrity": "sha512-1fZ2zV0iu6hnwqw9RRCFwxchPolwdmcHx+neFmcMtl4Y7YB2QuEAnomKQniClsbITohP8tdU7NWjbeIvPmbEUg==",
      "license": "Apache-2.0"
    }
  }
}
