{
  "name": "spectrum-tk",
  "version": "1.0.0",
  "lockfileVersion": 3,
  "requires": true,
  "packages": {
    "": {
      "name": "spectrum-tk",
      "version": "1.0.0",
      "license": "BSD-3-Clause",
      "dependencies": {
        "@adobe/spectrum-tokens": "^13.15.1"
      }
    },
    "node_modules/@adobe/spectrum-tokens": {
      "version": "13.16.0",
      "resolved": "https://registry.npmjs.org/@adobe/spectrum-tokens/-/spectrum-tokens-13.16.0.tgz",
      "integrity": "sha512-HAIUm18WDKcBVrIc+Nb8Z5pFMA+Mrl5jVCeTasStPnej47p17G6b1gPMl2KQypGMX0fRCwt/Q0nKvY2Z4Zq7vg==",
      "license": "Apache-2.0"
    }
  }
}
